
Microsoft Visual Studio Solution File, Format Version 12.00
# Visual Studio Version 16
VisualStudioVersion = 16.0.31727.386
MinimumVisualStudioVersion = 10.0.40219.1
Project("{FAE04EC0-301F-11D3-BF4B-00C04F79EFBC}") = "HW19WPF", "HW19WPF\HW19WPF.csproj", "{571EAF91-1B59-4735-9142-F3F1077ABB87}"
EndProject
Global
	GlobalSection(SolutionConfigurationPlatforms) = preSolution
		Debug|Any CPU = Debug|Any CPU
		Release|Any CPU = Release|Any CPU
	EndGlobalSection
	GlobalSection(ProjectConfigurationPlatforms) = postSolution
		{571EAF91-1B59-4735-9142-F3F1077ABB87}.Debug|Any CPU.ActiveCfg = Debug|Any CPU
		{571EAF91-1B59-4735-9142-F3F1077ABB87}.Debug|Any CPU.Build.0 = Debug|Any CPU
		{571EAF91-1B59-4735-9142-F3F1077ABB87}.Release|Any CPU.ActiveCfg = Release|Any CPU
		{571EAF91-1B59-4735-9142-F3F1077ABB87}.Release|Any CPU.Build.0 = Release|Any CPU
	EndGlobalSection
	GlobalSection(SolutionProperties) = preSolution
		HideSolutionNode = FALSE
	EndGlobalSection
	GlobalSection(ExtensibilityGlobals) = postSolution
		SolutionGuid = {FB1806A7-77E7-4F8D-997E-19A7DDB775AB}
	EndGlobalSection
EndGlobal
